
Microsoft Visual Studio Solution File, Format Version 12.00
# Visual Studio Version 16
VisualStudioVersion = 16.0.30907.101
MinimumVisualStudioVersion = 10.0.40219.1
Project("{FAE04EC0-301F-11D3-BF4B-00C04F79EFBC}") = "Ćwiczenia2", "Ćwiczenia2\Ćwiczenia2.csproj", "{AE8C875F-5E49-4AE0-A36E-306B0EDC3972}"
EndProject
Global
	GlobalSection(SolutionConfigurationPlatforms) = preSolution
		Debug|Any CPU = Debug|Any CPU
		Release|Any CPU = Release|Any CPU
	EndGlobalSection
	GlobalSection(ProjectConfigurationPlatforms) = postSolution
		{AE8C875F-5E49-4AE0-A36E-306B0EDC3972}.Debug|Any CPU.ActiveCfg = Debug|Any CPU
		{AE8C875F-5E49-4AE0-A36E-306B0EDC3972}.Debug|Any CPU.Build.0 = Debug|Any CPU
		{AE8C875F-5E49-4AE0-A36E-306B0EDC3972}.Release|Any CPU.ActiveCfg = Release|Any CPU
		{AE8C875F-5E49-4AE0-A36E-306B0EDC3972}.Release|Any CPU.Build.0 = Release|Any CPU
	EndGlobalSection
	GlobalSection(SolutionProperties) = preSolution
		HideSolutionNode = FALSE
	EndGlobalSection
	GlobalSection(ExtensibilityGlobals) = postSolution
		SolutionGuid = {A176304D-59DF-49F9-B782-EDE0C0C125ED}
	EndGlobalSection
EndGlobal
