
Microsoft Visual Studio Solution File, Format Version 12.00
# Visual Studio Version 17
VisualStudioVersion = 17.2.32630.192
MinimumVisualStudioVersion = 10.0.40219.1
Project("{FAE04EC0-301F-11D3-BF4B-00C04F79EFBC}") = "Trojkat", "Trojkat\Trojkat.csproj", "{A136A0D4-E8A9-4955-8DC5-B7F01347078F}"
EndProject
Global
	GlobalSection(SolutionConfigurationPlatforms) = preSolution
		Debug|Any CPU = Debug|Any CPU
		Release|Any CPU = Release|Any CPU
	EndGlobalSection
	GlobalSection(ProjectConfigurationPlatforms) = postSolution
		{A136A0D4-E8A9-4955-8DC5-B7F01347078F}.Debug|Any CPU.ActiveCfg = Debug|Any CPU
		{A136A0D4-E8A9-4955-8DC5-B7F01347078F}.Debug|Any CPU.Build.0 = Debug|Any CPU
		{A136A0D4-E8A9-4955-8DC5-B7F01347078F}.Release|Any CPU.ActiveCfg = Release|Any CPU
		{A136A0D4-E8A9-4955-8DC5-B7F01347078F}.Release|Any CPU.Build.0 = Release|Any CPU
	EndGlobalSection
	GlobalSection(SolutionProperties) = preSolution
		HideSolutionNode = FALSE
	EndGlobalSection
	GlobalSection(ExtensibilityGlobals) = postSolution
		SolutionGuid = {4D086C70-A59F-4CAA-8B4D-C1E4CC16EDED}
	EndGlobalSection
EndGlobal
