
Microsoft Visual Studio Solution File, Format Version 12.00
# Visual Studio Version 17
VisualStudioVersion = 17.2.32630.192
MinimumVisualStudioVersion = 10.0.40219.1
Project("{FAE04EC0-301F-11D3-BF4B-00C04F79EFBC}") = "Wektor", "Wektor\Wektor.csproj", "{DA3888C0-B2A8-4367-A91C-F026230180D4}"
EndProject
Global
	GlobalSection(SolutionConfigurationPlatforms) = preSolution
		Debug|Any CPU = Debug|Any CPU
		Release|Any CPU = Release|Any CPU
	EndGlobalSection
	GlobalSection(ProjectConfigurationPlatforms) = postSolution
		{DA3888C0-B2A8-4367-A91C-F026230180D4}.Debug|Any CPU.ActiveCfg = Debug|Any CPU
		{DA3888C0-B2A8-4367-A91C-F026230180D4}.Debug|Any CPU.Build.0 = Debug|Any CPU
		{DA3888C0-B2A8-4367-A91C-F026230180D4}.Release|Any CPU.ActiveCfg = Release|Any CPU
		{DA3888C0-B2A8-4367-A91C-F026230180D4}.Release|Any CPU.Build.0 = Release|Any CPU
	EndGlobalSection
	GlobalSection(SolutionProperties) = preSolution
		HideSolutionNode = FALSE
	EndGlobalSection
	GlobalSection(ExtensibilityGlobals) = postSolution
		SolutionGuid = {0319D044-9C0F-48D8-AE4C-CE32333BCB91}
	EndGlobalSection
EndGlobal
