
Microsoft Visual Studio Solution File, Format Version 12.00
# Visual Studio Version 17
VisualStudioVersion = 17.2.32630.192
MinimumVisualStudioVersion = 10.0.40219.1
Project("{FAE04EC0-301F-11D3-BF4B-00C04F79EFBC}") = "Zamowienie_Kontynuacja", "Zamowienie_Kontynuacja\Zamowienie_Kontynuacja.csproj", "{AC9FC95A-C428-4CCA-B6DD-800E708BEB05}"
EndProject
Global
	GlobalSection(SolutionConfigurationPlatforms) = preSolution
		Debug|Any CPU = Debug|Any CPU
		Release|Any CPU = Release|Any CPU
	EndGlobalSection
	GlobalSection(ProjectConfigurationPlatforms) = postSolution
		{AC9FC95A-C428-4CCA-B6DD-800E708BEB05}.Debug|Any CPU.ActiveCfg = Debug|Any CPU
		{AC9FC95A-C428-4CCA-B6DD-800E708BEB05}.Debug|Any CPU.Build.0 = Debug|Any CPU
		{AC9FC95A-C428-4CCA-B6DD-800E708BEB05}.Release|Any CPU.ActiveCfg = Release|Any CPU
		{AC9FC95A-C428-4CCA-B6DD-800E708BEB05}.Release|Any CPU.Build.0 = Release|Any CPU
	EndGlobalSection
	GlobalSection(SolutionProperties) = preSolution
		HideSolutionNode = FALSE
	EndGlobalSection
	GlobalSection(ExtensibilityGlobals) = postSolution
		SolutionGuid = {AF4E6E75-F9F2-405B-9FBB-CD175E121E9C}
	EndGlobalSection
EndGlobal
